// !$*UTF8*$!
{
	archiveVersion = 1;
	classes = {
	};
	objectVersion = 48;
	objects = {

/* Begin PBXBuildFile section */
		DD27CD14204EE89500B955A3 /* CoreDataManager.swift in Sources */ = {isa = PBXBuildFile; fileRef = DD27CD13204EE89500B955A3 /* CoreDataManager.swift */; };
		DDF3E7B7204D85EF00D8293D /* AppDelegate.swift in Sources */ = {isa = PBXBuildFile; fileRef = DDF3E7B6204D85EF00D8293D /* AppDelegate.swift */; };
		DDF3E7B9204D85EF00D8293D /* CompaniesController.swift in Sources */ = {isa = PBXBuildFile; fileRef = DDF3E7B8204D85EF00D8293D /* CompaniesController.swift */; };
		DDF3E7BC204D85EF00D8293D /* Main.storyboard in Resources */ = {isa = PBXBuildFile; fileRef = DDF3E7BA204D85EF00D8293D /* Main.storyboard */; };
		DDF3E7BE204D85EF00D8293D /* Assets.xcassets in Resources */ = {isa = PBXBuildFile; fileRef = DDF3E7BD204D85EF00D8293D /* Assets.xcassets */; };
		DDF3E7C1204D85EF00D8293D /* LaunchScreen.storyboard in Resources */ = {isa = PBXBuildFile; fileRef = DDF3E7BF204D85EF00D8293D /* LaunchScreen.storyboard */; };
		DDF3E7C9204D903600D8293D /* UIColor+theme.swift in Sources */ = {isa = PBXBuildFile; fileRef = DDF3E7C8204D903600D8293D /* UIColor+theme.swift */; };
		DDF3E7CB204D972300D8293D /* Company.swift in Sources */ = {isa = PBXBuildFile; fileRef = DDF3E7CA204D972300D8293D /* Company.swift */; };
		DDF3E7CD204D9AD300D8293D /* CreateCompanyController.swift in Sources */ = {isa = PBXBuildFile; fileRef = DDF3E7CC204D9AD300D8293D /* CreateCompanyController.swift */; };
		DDF3E7F4204DBB4E00D8293D /* IntermediateTrainingModels.xcdatamodeld in Sources */ = {isa = PBXBuildFile; fileRef = DDF3E7F2204DBB4E00D8293D /* IntermediateTrainingModels.xcdatamodeld */; };
/* End PBXBuildFile section */

/* Begin PBXFileReference section */
		DD27CD13204EE89500B955A3 /* CoreDataManager.swift */ = {isa = PBXFileReference; lastKnownFileType = sourcecode.swift; path = CoreDataManager.swift; sourceTree = "<group>"; };
		DDF3E7B3204D85EF00D8293D /* IntermediateTraining.app */ = {isa = PBXFileReference; explicitFileType = wrapper.application; includeInIndex = 0; path = IntermediateTraining.app; sourceTree = BUILT_PRODUCTS_DIR; };
		DDF3E7B6204D85EF00D8293D /* AppDelegate.swift */ = {isa = PBXFileReference; lastKnownFileType = sourcecode.swift; path = AppDelegate.swift; sourceTree = "<group>"; };
		DDF3E7B8204D85EF00D8293D /* CompaniesController.swift */ = {isa = PBXFileReference; lastKnownFileType = sourcecode.swift; path = CompaniesController.swift; sourceTree = "<group>"; };
		DDF3E7BB204D85EF00D8293D /* Base */ = {isa = PBXFileReference; lastKnownFileType = file.storyboard; name = Base; path = Base.lproj/Main.storyboard; sourceTree = "<group>"; };
		DDF3E7BD204D85EF00D8293D /* Assets.xcassets */ = {isa = PBXFileReference; lastKnownFileType = folder.assetcatalog; path = Assets.xcassets; sourceTree = "<group>"; };
		DDF3E7C0204D85EF00D8293D /* Base */ = {isa = PBXFileReference; lastKnownFileType = file.storyboard; name = Base; path = Base.lproj/LaunchScreen.storyboard; sourceTree = "<group>"; };
		DDF3E7C2204D85EF00D8293D /* Info.plist */ = {isa = PBXFileReference; lastKnownFileType = text.plist.xml; path = Info.plist; sourceTree = "<group>"; };
		DDF3E7C8204D903600D8293D /* UIColor+theme.swift */ = {isa = PBXFileReference; lastKnownFileType = sourcecode.swift; path = "UIColor+theme.swift"; sourceTree = "<group>"; };
		DDF3E7CA204D972300D8293D /* Company.swift */ = {isa = PBXFileReference; lastKnownFileType = sourcecode.swift; path = Company.swift; sourceTree = "<group>"; };
		DDF3E7CC204D9AD300D8293D /* CreateCompanyController.swift */ = {isa = PBXFileReference; lastKnownFileType = sourcecode.swift; path = CreateCompanyController.swift; sourceTree = "<group>"; };
		DDF3E7F3204DBB4E00D8293D /* IntermediateTrainingModels.xcdatamodel */ = {isa = PBXFileReference; lastKnownFileType = wrapper.xcdatamodel; path = IntermediateTrainingModels.xcdatamodel; sourceTree = "<group>"; };
/* End PBXFileReference section */

/* Begin PBXFrameworksBuildPhase section */
		DDF3E7B0204D85EF00D8293D /* Frameworks */ = {
			isa = PBXFrameworksBuildPhase;
			buildActionMask = 2147483647;
			files = (
			);
			runOnlyForDeploymentPostprocessing = 0;
		};
/* End PBXFrameworksBuildPhase section */

/* Begin PBXGroup section */
		DDF3E7AA204D85EF00D8293D = {
			isa = PBXGroup;
			children = (
				DDF3E7B5204D85EF00D8293D /* IntermediateTraining */,
				DDF3E7B4204D85EF00D8293D /* Products */,
			);
			sourceTree = "<group>";
		};
		DDF3E7B4204D85EF00D8293D /* Products */ = {
			isa = PBXGroup;
			children = (
				DDF3E7B3204D85EF00D8293D /* IntermediateTraining.app */,
			);
			name = Products;
			sourceTree = "<group>";
		};
		DDF3E7B5204D85EF00D8293D /* IntermediateTraining */ = {
			isa = PBXGroup;
			children = (
				DDF3E7B6204D85EF00D8293D /* AppDelegate.swift */,
				DDF3E7B8204D85EF00D8293D /* CompaniesController.swift */,
				DDF3E7BA204D85EF00D8293D /* Main.storyboard */,
				DDF3E7F2204DBB4E00D8293D /* IntermediateTrainingModels.xcdatamodeld */,
				DDF3E7BD204D85EF00D8293D /* Assets.xcassets */,
				DDF3E7BF204D85EF00D8293D /* LaunchScreen.storyboard */,
				DDF3E7C2204D85EF00D8293D /* Info.plist */,
				DDF3E7C8204D903600D8293D /* UIColor+theme.swift */,
				DDF3E7CA204D972300D8293D /* Company.swift */,
				DDF3E7CC204D9AD300D8293D /* CreateCompanyController.swift */,
				DD27CD13204EE89500B955A3 /* CoreDataManager.swift */,
			);
			path = IntermediateTraining;
			sourceTree = "<group>";
		};
/* End PBXGroup section */

/* Begin PBXNativeTarget section */
		DDF3E7B2204D85EF00D8293D /* IntermediateTraining */ = {
			isa = PBXNativeTarget;
			buildConfigurationList = DDF3E7C5204D85EF00D8293D /* Build configuration list for PBXNativeTarget "IntermediateTraining" */;
			buildPhases = (
				DDF3E7AF204D85EF00D8293D /* Sources */,
				DDF3E7B0204D85EF00D8293D /* Frameworks */,
				DDF3E7B1204D85EF00D8293D /* Resources */,
			);
			buildRules = (
			);
			dependencies = (
			);
			name = IntermediateTraining;
			productName = IntermediateTraining;
			productReference = DDF3E7B3204D85EF00D8293D /* IntermediateTraining.app */;
			productType = "com.apple.product-type.application";
		};
/* End PBXNativeTarget section */

/* Begin PBXProject section */
		DDF3E7AB204D85EF00D8293D /* Project object */ = {
			isa = PBXProject;
			attributes = {
				LastSwiftUpdateCheck = 0920;
				LastUpgradeCheck = 0920;
				ORGANIZATIONNAME = myCode;
				TargetAttributes = {
					DDF3E7B2204D85EF00D8293D = {
						CreatedOnToolsVersion = 9.2;
						ProvisioningStyle = Automatic;
					};
				};
			};
			buildConfigurationList = DDF3E7AE204D85EF00D8293D /* Build configuration list for PBXProject "IntermediateTraining" */;
			compatibilityVersion = "Xcode 8.0";
			developmentRegion = en;
			hasScannedForEncodings = 0;
			knownRegions = (
				en,
				Base,
			);
			mainGroup = DDF3E7AA204D85EF00D8293D;
			productRefGroup = DDF3E7B4204D85EF00D8293D /* Products */;
			projectDirPath = "";
			projectRoot = "";
			targets = (
				DDF3E7B2204D85EF00D8293D /* IntermediateTraining */,
			);
		};
/* End PBXProject section */

/* Begin PBXResourcesBuildPhase section */
		DDF3E7B1204D85EF00D8293D /* Resources */ = {
			isa = PBXResourcesBuildPhase;
			buildActionMask = 2147483647;
			files = (
				DDF3E7C1204D85EF00D8293D /* LaunchScreen.storyboard in Resources */,
				DDF3E7BE204D85EF00D8293D /* Assets.xcassets in Resources */,
				DDF3E7BC204D85EF00D8293D /* Main.storyboard in Resources */,
			);
			runOnlyForDeploymentPostprocessing = 0;
		};
/* End PBXResourcesBuildPhase section */

/* Begin PBXSourcesBuildPhase section */
		DDF3E7AF204D85EF00D8293D /* Sources */ = {
			isa = PBXSourcesBuildPhase;
			buildActionMask = 2147483647;
			files = (
				DDF3E7C9204D903600D8293D /* UIColor+theme.swift in Sources */,
				DDF3E7B9204D85EF00D8293D /* CompaniesController.swift in Sources */,
				DDF3E7CD204D9AD300D8293D /* CreateCompanyController.swift in Sources */,
				DDF3E7B7204D85EF00D8293D /* AppDelegate.swift in Sources */,
				DDF3E7F4204DBB4E00D8293D /* IntermediateTrainingModels.xcdatamodeld in Sources */,
				DD27CD14204EE89500B955A3 /* CoreDataManager.swift in Sources */,
				DDF3E7CB204D972300D8293D /* Company.swift in Sources */,
			);
			runOnlyForDeploymentPostprocessing = 0;
		};
/* End PBXSourcesBuildPhase section */

/* Begin PBXVariantGroup section */
		DDF3E7BA204D85EF00D8293D /* Main.storyboard */ = {
			isa = PBXVariantGroup;
			children = (
				DDF3E7BB204D85EF00D8293D /* Base */,
			);
			name = Main.storyboard;
			sourceTree = "<group>";
		};
		DDF3E7BF204D85EF00D8293D /* LaunchScreen.storyboard */ = {
			isa = PBXVariantGroup;
			children = (
				DDF3E7C0204D85EF00D8293D /* Base */,
			);
			name = LaunchScreen.storyboard;
			sourceTree = "<group>";
		};
/* End PBXVariantGroup section */

/* Begin XCBuildConfiguration section */
		DDF3E7C3204D85EF00D8293D /* Debug */ = {
			isa = XCBuildConfiguration;
			buildSettings = {
				ALWAYS_SEARCH_USER_PATHS = NO;
				CLANG_ANALYZER_NONNULL = YES;
				CLANG_ANALYZER_NUMBER_OBJECT_CONVERSION = YES_AGGRESSIVE;
				CLANG_CXX_LANGUAGE_STANDARD = "gnu++14";
				CLANG_CXX_LIBRARY = "libc++";
				CLANG_ENABLE_MODULES = YES;
				CLANG_ENABLE_OBJC_ARC = YES;
				CLANG_WARN_BLOCK_CAPTURE_AUTORELEASING = YES;
				CLANG_WARN_BOOL_CONVERSION = YES;
				CLANG_WARN_COMMA = YES;
				CLANG_WARN_CONSTANT_CONVERSION = YES;
				CLANG_WARN_DIRECT_OBJC_ISA_USAGE = YES_ERROR;
				CLANG_WARN_DOCUMENTATION_COMMENTS = YES;
				CLANG_WARN_EMPTY_BODY = YES;
				CLANG_WARN_ENUM_CONVERSION = YES;
				CLANG_WARN_INFINITE_RECURSION = YES;
				CLANG_WARN_INT_CONVERSION = YES;
				CLANG_WARN_NON_LITERAL_NULL_CONVERSION = YES;
				CLANG_WARN_OBJC_LITERAL_CONVERSION = YES;
				CLANG_WARN_OBJC_ROOT_CLASS = YES_ERROR;
				CLANG_WARN_RANGE_LOOP_ANALYSIS = YES;
				CLANG_WARN_STRICT_PROTOTYPES = YES;
				CLANG_WARN_SUSPICIOUS_MOVE = YES;
				CLANG_WARN_UNGUARDED_AVAILABILITY = YES_AGGRESSIVE;
				CLANG_WARN_UNREACHABLE_CODE = YES;
				CLANG_WARN__DUPLICATE_METHOD_MATCH = YES;
				CODE_SIGN_IDENTITY = "iPhone Developer";
				COPY_PHASE_STRIP = NO;
				DEBUG_INFORMATION_FORMAT = dwarf;
				ENABLE_STRICT_OBJC_MSGSEND = YES;
				ENABLE_TESTABILITY = YES;
				GCC_C_LANGUAGE_STANDARD = gnu11;
				GCC_DYNAMIC_NO_PIC = NO;
				GCC_NO_COMMON_BLOCKS = YES;
				GCC_OPTIMIZATION_LEVEL = 0;
				GCC_PREPROCESSOR_DEFINITIONS = (
					"DEBUG=1",
					"$(inherited)",
				);
				GCC_WARN_64_TO_32_BIT_CONVERSION = YES;
				GCC_WARN_ABOUT_RETURN_TYPE = YES_ERROR;
				GCC_WARN_UNDECLARED_SELECTOR = YES;
				GCC_WARN_UNINITIALIZED_AUTOS = YES_AGGRESSIVE;
				GCC_WARN_UNUSED_FUNCTION = YES;
				GCC_WARN_UNUSED_VARIABLE = YES;
				IPHONEOS_DEPLOYMENT_TARGET = 11.2;
				MTL_ENABLE_DEBUG_INFO = YES;
				ONLY_ACTIVE_ARCH = YES;
				SDKROOT = iphoneos;
				SWIFT_ACTIVE_COMPILATION_CONDITIONS = DEBUG;
				SWIFT_OPTIMIZATION_LEVEL = "-Onone";
			};
			name = Debug;
		};
		DDF3E7C4204D85EF00D8293D /* Release */ = {
			isa = XCBuildConfiguration;
			buildSettings = {
				ALWAYS_SEARCH_USER_PATHS = NO;
				CLANG_ANALYZER_NONNULL = YES;
				CLANG_ANALYZER_NUMBER_OBJECT_CONVERSION = YES_AGGRESSIVE;
				CLANG_CXX_LANGUAGE_STANDARD = "gnu++14";
				CLANG_CXX_LIBRARY = "libc++";
				CLANG_ENABLE_MODULES = YES;
				CLANG_ENABLE_OBJC_ARC = YES;
				CLANG_WARN_BLOCK_CAPTURE_AUTORELEASING = YES;
				CLANG_WARN_BOOL_CONVERSION = YES;
				CLANG_WARN_COMMA = YES;
				CLANG_WARN_CONSTANT_CONVERSION = YES;
				CLANG_WARN_DIRECT_OBJC_ISA_USAGE = YES_ERROR;
				CLANG_WARN_DOCUMENTATION_COMMENTS = YES;
				CLANG_WARN_EMPTY_BODY = YES;
				CLANG_WARN_ENUM_CONVERSION = YES;
				CLANG_WARN_INFINITE_RECURSION = YES;
				CLANG_WARN_INT_CONVERSION = YES;
				CLANG_WARN_NON_LITERAL_NULL_CONVERSION = YES;
				CLANG_WARN_OBJC_LITERAL_CONVERSION = YES;
				CLANG_WARN_OBJC_ROOT_CLASS = YES_ERROR;
				CLANG_WARN_RANGE_LOOP_ANALYSIS = YES;
				CLANG_WARN_STRICT_PROTOTYPES = YES;
				CLANG_WARN_SUSPICIOUS_MOVE = YES;
				CLANG_WARN_UNGUARDED_AVAILABILITY = YES_AGGRESSIVE;
				CLANG_WARN_UNREACHABLE_CODE = YES;
				CLANG_WARN__DUPLICATE_METHOD_MATCH = YES;
				CODE_SIGN_IDENTITY = "iPhone Developer";
				COPY_PHASE_STRIP = NO;
				DEBUG_INFORMATION_FORMAT = "dwarf-with-dsym";
				ENABLE_NS_ASSERTIONS = NO;
				ENABLE_STRICT_OBJC_MSGSEND = YES;
				GCC_C_LANGUAGE_STANDARD = gnu11;
				GCC_NO_COMMON_BLOCKS = YES;
				GCC_WARN_64_TO_32_BIT_CONVERSION = YES;
				GCC_WARN_ABOUT_RETURN_TYPE = YES_ERROR;
				GCC_WARN_UNDECLARED_SELECTOR = YES;
				GCC_WARN_UNINITIALIZED_AUTOS = YES_AGGRESSIVE;
				GCC_WARN_UNUSED_FUNCTION = YES;
				GCC_WARN_UNUSED_VARIABLE = YES;
				IPHONEOS_DEPLOYMENT_TARGET = 11.2;
				MTL_ENABLE_DEBUG_INFO = NO;
				SDKROOT = iphoneos;
				SWIFT_OPTIMIZATION_LEVEL = "-Owholemodule";
				VALIDATE_PRODUCT = YES;
			};
			name = Release;
		};
		DDF3E7C6204D85EF00D8293D /* Debug */ = {
			isa = XCBuildConfiguration;
			buildSettings = {
				ASSETCATALOG_COMPILER_APPICON_NAME = AppIcon;
				CODE_SIGN_STYLE = Automatic;
				DEVELOPMENT_TEAM = QD5843FU5C;
				INFOPLIST_FILE = IntermediateTraining/Info.plist;
				LD_RUNPATH_SEARCH_PATHS = "$(inherited) @executable_path/Frameworks";
				PRODUCT_BUNDLE_IDENTIFIER = com.fortinjoffrey.IntermediateTraining;
				PRODUCT_NAME = "$(TARGET_NAME)";
				SWIFT_VERSION = 4.0;
				TARGETED_DEVICE_FAMILY = "1,2";
			};
			name = Debug;
		};
		DDF3E7C7204D85EF00D8293D /* Release */ = {
			isa = XCBuildConfiguration;
			buildSettings = {
				ASSETCATALOG_COMPILER_APPICON_NAME = AppIcon;
				CODE_SIGN_STYLE = Automatic;
				DEVELOPMENT_TEAM = QD5843FU5C;
				INFOPLIST_FILE = IntermediateTraining/Info.plist;
				LD_RUNPATH_SEARCH_PATHS = "$(inherited) @executable_path/Frameworks";
				PRODUCT_BUNDLE_IDENTIFIER = com.fortinjoffrey.IntermediateTraining;
				PRODUCT_NAME = "$(TARGET_NAME)";
				SWIFT_VERSION = 4.0;
				TARGETED_DEVICE_FAMILY = "1,2";
			};
			name = Release;
		};
/* End XCBuildConfiguration section */

/* Begin XCConfigurationList section */
		DDF3E7AE204D85EF00D8293D /* Build configuration list for PBXProject "IntermediateTraining" */ = {
			isa = XCConfigurationList;
			buildConfigurations = (
				DDF3E7C3204D85EF00D8293D /* Debug */,
				DDF3E7C4204D85EF00D8293D /* Release */,
			);
			defaultConfigurationIsVisible = 0;
			defaultConfigurationName = Release;
		};
		DDF3E7C5204D85EF00D8293D /* Build configuration list for PBXNativeTarget "IntermediateTraining" */ = {
			isa = XCConfigurationList;
			buildConfigurations = (
				DDF3E7C6204D85EF00D8293D /* Debug */,
				DDF3E7C7204D85EF00D8293D /* Release */,
			);
			defaultConfigurationIsVisible = 0;
			defaultConfigurationName = Release;
		};
/* End XCConfigurationList section */

/* Begin XCVersionGroup section */
		DDF3E7F2204DBB4E00D8293D /* IntermediateTrainingModels.xcdatamodeld */ = {
			isa = XCVersionGroup;
			children = (
				DDF3E7F3204DBB4E00D8293D /* IntermediateTrainingModels.xcdatamodel */,
			);
			currentVersion = DDF3E7F3204DBB4E00D8293D /* IntermediateTrainingModels.xcdatamodel */;
			path = IntermediateTrainingModels.xcdatamodeld;
			sourceTree = "<group>";
			versionGroupType = wrapper.xcdatamodel;
		};
/* End XCVersionGroup section */
	};
	rootObject = DDF3E7AB204D85EF00D8293D /* Project object */;
}
